
Microsoft Visual Studio Solution File, Format Version 12.00
# Visual Studio Version 17
VisualStudioVersion = 17.4.33213.308
MinimumVisualStudioVersion = 10.0.40219.1
Project("{FAE04EC0-301F-11D3-BF4B-00C04F79EFBC}") = "CRUDEmployees", "CRUDEmployes\CRUDEmployees.csproj", "{B193D6FE-54C1-4B9C-9734-07758915C769}"
EndProject
Global
	GlobalSection(SolutionConfigurationPlatforms) = preSolution
		Debug|Any CPU = Debug|Any CPU
		Release|Any CPU = Release|Any CPU
	EndGlobalSection
	GlobalSection(ProjectConfigurationPlatforms) = postSolution
		{B193D6FE-54C1-4B9C-9734-07758915C769}.Debug|Any CPU.ActiveCfg = Debug|Any CPU
		{B193D6FE-54C1-4B9C-9734-07758915C769}.Debug|Any CPU.Build.0 = Debug|Any CPU
		{B193D6FE-54C1-4B9C-9734-07758915C769}.Release|Any CPU.ActiveCfg = Release|Any CPU
		{B193D6FE-54C1-4B9C-9734-07758915C769}.Release|Any CPU.Build.0 = Release|Any CPU
	EndGlobalSection
	GlobalSection(SolutionProperties) = preSolution
		HideSolutionNode = FALSE
	EndGlobalSection
	GlobalSection(ExtensibilityGlobals) = postSolution
		SolutionGuid = {F6FB2EE0-DD41-47E8-B684-D3AFD866B434}
	EndGlobalSection
EndGlobal
